dependencies:
- name: cassandra
  repository: https://charts.bitnami.com/bitnami
  version: 10.12.1
- name: kafka
  repository: https://charts.bitnami.com/bitnami
  version: 26.11.4
- name: redis
  repository: https://charts.bitnami.com/bitnami
  version: 18.19.4
digest: sha256:bf62f7f4eda842eaa3fc4a9e9b7d036fa6b24895f972259a9d760578198836c1
generated: "2025-11-09T22:41:05.223843209-08:00"
