dependencies:
- name: cassandra
  repository: https://charts.bitnami.com/bitnami
  version: 12.3.11
- name: kafka
  repository: https://charts.bitnami.com/bitnami
  version: 32.4.3
- name: redis
  repository: https://charts.bitnami.com/bitnami
  version: 23.2.12
digest: sha256:7b8256322e3d2f1a9dc38ead5ac01da39bfc4f465a84803cb57101362b607e57
generated: "2025-11-24T21:06:14.954328999-08:00"
